
Microsoft Visual Studio Solution File, Format Version 12.00
# Visual Studio 15
VisualStudioVersion = 15.0.28010.2046
MinimumVisualStudioVersion = 10.0.40219.1
Project("{FAE04EC0-301F-11D3-BF4B-00C04F79EFBC}") = "ExcelToJson", "ExcelToJson\ExcelToJson.csproj", "{1CD8E77E-41BF-49B6-ABC3-0FF91A26BAD8}"
EndProject
Global
	GlobalSection(SolutionConfigurationPlatforms) = preSolution
		Debug|Any CPU = Debug|Any CPU
		Release|Any CPU = Release|Any CPU
	EndGlobalSection
	GlobalSection(ProjectConfigurationPlatforms) = postSolution
		{1CD8E77E-41BF-49B6-ABC3-0FF91A26BAD8}.Debug|Any CPU.ActiveCfg = Debug|Any CPU
		{1CD8E77E-41BF-49B6-ABC3-0FF91A26BAD8}.Debug|Any CPU.Build.0 = Debug|Any CPU
		{1CD8E77E-41BF-49B6-ABC3-0FF91A26BAD8}.Release|Any CPU.ActiveCfg = Release|Any CPU
		{1CD8E77E-41BF-49B6-ABC3-0FF91A26BAD8}.Release|Any CPU.Build.0 = Release|Any CPU
	EndGlobalSection
	GlobalSection(SolutionProperties) = preSolution
		HideSolutionNode = FALSE
	EndGlobalSection
	GlobalSection(ExtensibilityGlobals) = postSolution
		SolutionGuid = {C35FF22F-8BCE-43E2-BFB3-8DDAD30BFE41}
	EndGlobalSection
EndGlobal
